// !$*UTF8*$!
{
	archiveVersion = 1;
	classes = {
	};
	objectVersion = 46;
	objects = {

/* Begin PBXBuildFile section */
		73CBFCF4B2EF4DADBBF2BDFB /* libPods.a in Frameworks */ = {isa = PBXBuildFile; fileRef = 0996C26EA9F043BF83367717 /* libPods.a */; };
		D018F8C31949EBB500E21763 /* Address.m in Sources */ = {isa = PBXBuildFile; fileRef = D018F8C21949EBB500E21763 /* Address.m */; };
		D04C3314194B3D7000BF42C4 /* CVStopDetailTableViewController.m in Sources */ = {isa = PBXBuildFile; fileRef = D04C3313194B3D7000BF42C4 /* CVStopDetailTableViewController.m */; };
		D09139831941A4C50029AE98 /* Foundation.framework in Frameworks */ = {isa = PBXBuildFile; fileRef = D09139821941A4C50029AE98 /* Foundation.framework */; };
		D09139851941A4C50029AE98 /* CoreGraphics.framework in Frameworks */ = {isa = PBXBuildFile; fileRef = D09139841941A4C50029AE98 /* CoreGraphics.framework */; };
		D09139871941A4C50029AE98 /* UIKit.framework in Frameworks */ = {isa = PBXBuildFile; fileRef = D09139861941A4C50029AE98 /* UIKit.framework */; };
		D09139891941A4C50029AE98 /* CoreData.framework in Frameworks */ = {isa = PBXBuildFile; fileRef = D09139881941A4C50029AE98 /* CoreData.framework */; };
		D091398F1941A4C50029AE98 /* InfoPlist.strings in Resources */ = {isa = PBXBuildFile; fileRef = D091398D1941A4C50029AE98 /* InfoPlist.strings */; };
		D09139911941A4C50029AE98 /* main.m in Sources */ = {isa = PBXBuildFile; fileRef = D09139901941A4C50029AE98 /* main.m */; };
		D09139981941A4C50029AE98 /* Main.storyboard in Resources */ = {isa = PBXBuildFile; fileRef = D09139961941A4C50029AE98 /* Main.storyboard */; };
		D09139A31941A4C50029AE98 /* Images.xcassets in Resources */ = {isa = PBXBuildFile; fileRef = D09139A21941A4C50029AE98 /* Images.xcassets */; };
		D09139AA1941A4C50029AE98 /* XCTest.framework in Frameworks */ = {isa = PBXBuildFile; fileRef = D09139A91941A4C50029AE98 /* XCTest.framework */; };
		D09139AB1941A4C50029AE98 /* Foundation.framework in Frameworks */ = {isa = PBXBuildFile; fileRef = D09139821941A4C50029AE98 /* Foundation.framework */; };
		D09139AC1941A4C50029AE98 /* UIKit.framework in Frameworks */ = {isa = PBXBuildFile; fileRef = D09139861941A4C50029AE98 /* UIKit.framework */; };
		D09139AD1941A4C50029AE98 /* CoreData.framework in Frameworks */ = {isa = PBXBuildFile; fileRef = D09139881941A4C50029AE98 /* CoreData.framework */; };
		D09139B51941A4C50029AE98 /* InfoPlist.strings in Resources */ = {isa = PBXBuildFile; fileRef = D09139B31941A4C50029AE98 /* InfoPlist.strings */; };
		D09139B71941A4C50029AE98 /* CarrierVanillaTests.m in Sources */ = {isa = PBXBuildFile; fileRef = D09139B61941A4C50029AE98 /* CarrierVanillaTests.m */; };
		D0ABC8C31944E23E0095E59E /* CVDetailViewController.m in Sources */ = {isa = PBXBuildFile; fileRef = D0ABC8C01944E23E0095E59E /* CVDetailViewController.m */; };
		D0ABC8C41944E23E0095E59E /* CVMasterViewController.m in Sources */ = {isa = PBXBuildFile; fileRef = D0ABC8C21944E23E0095E59E /* CVMasterViewController.m */; };
		D0ABC8D41944E2990095E59E /* Item.m in Sources */ = {isa = PBXBuildFile; fileRef = D0ABC8C81944E2990095E59E /* Item.m */; };
		D0ABC8D51944E2990095E59E /* Load.m in Sources */ = {isa = PBXBuildFile; fileRef = D0ABC8CA1944E2990095E59E /* Load.m */; };
		D0ABC8D71944E2990095E59E /* Ref.m in Sources */ = {isa = PBXBuildFile; fileRef = D0ABC8CE1944E2990095E59E /* Ref.m */; };
		D0ABC8D81944E2990095E59E /* Shipment.m in Sources */ = {isa = PBXBuildFile; fileRef = D0ABC8D01944E2990095E59E /* Shipment.m */; };
		D0ABC8D91944E2990095E59E /* Stop.m in Sources */ = {isa = PBXBuildFile; fileRef = D0ABC8D21944E2990095E59E /* Stop.m */; };
		D0ABC8DD1944E3200095E59E /* CVChepClient.m in Sources */ = {isa = PBXBuildFile; fileRef = D0ABC8DC1944E3200095E59E /* CVChepClient.m */; };
		D0B0E3B31944EF99009CE35C /* CVAppDelegate.m in Sources */ = {isa = PBXBuildFile; fileRef = D0B0E3B21944EF99009CE35C /* CVAppDelegate.m */; };
		D0B6360E1941A77400015ACA /* MobLog.xcdatamodeld in Sources */ = {isa = PBXBuildFile; fileRef = D0B636081941A77400015ACA /* MobLog.xcdatamodeld */; };
		D0D3F35F194E39DE00452C58 /* CCLoginViewController.m in Sources */ = {isa = PBXBuildFile; fileRef = D0D3F35E194E39DE00452C58 /* CCLoginViewController.m */; };
		D0D3F365194E3F1900452C58 /* HTAutocompleteTextField.m in Sources */ = {isa = PBXBuildFile; fileRef = D0D3F364194E3F1900452C58 /* HTAutocompleteTextField.m */; };
		D0D3F368194E3F2F00452C58 /* HTAutocompleteManager.m in Sources */ = {isa = PBXBuildFile; fileRef = D0D3F367194E3F2F00452C58 /* HTAutocompleteManager.m */; };
		D0F7FE5F194E0EBA002CCD9F /* MapKit.framework in Frameworks */ = {isa = PBXBuildFile; fileRef = D0F7FE5E194E0EBA002CCD9F /* MapKit.framework */; };
/* End PBXBuildFile section */

/* Begin PBXContainerItemProxy section */
		D09139AE1941A4C50029AE98 /* PBXContainerItemProxy */ = {
			isa = PBXContainerItemProxy;
			containerPortal = D09139771941A4C50029AE98 /* Project object */;
			proxyType = 1;
			remoteGlobalIDString = D091397E1941A4C50029AE98;
			remoteInfo = CarrierVanilla;
		};
/* End PBXContainerItemProxy section */

/* Begin PBXFileReference section */
		0996C26EA9F043BF83367717 /* libPods.a */ = {isa = PBXFileReference; explicitFileType = archive.ar; includeInIndex = 0; path = libPods.a; sourceTree = BUILT_PRODUCTS_DIR; };
		21742465D60E4C8D8F007F4E /* Pods.xcconfig */ = {isa = PBXFileReference; includeInIndex = 1; lastKnownFileType = text.xcconfig; name = Pods.xcconfig; path = Pods/Pods.xcconfig; sourceTree = "<group>"; };
		D018F8C11949EBB500E21763 /* Address.h */ = {isa = PBXFileReference; fileEncoding = 4; lastKnownFileType = sourcecode.c.h; name = Address.h; path = Models/Address.h; sourceTree = "<group>"; };
		D018F8C21949EBB500E21763 /* Address.m */ = {isa = PBXFileReference; fileEncoding = 4; lastKnownFileType = sourcecode.c.objc; name = Address.m; path = Models/Address.m; sourceTree = "<group>"; };
		D04C3312194B3D7000BF42C4 /* CVStopDetailTableViewController.h */ = {isa = PBXFileReference; fileEncoding = 4; lastKnownFileType = sourcecode.c.h; name = CVStopDetailTableViewController.h; path = Controllers/CVStopDetailTableViewController.h; sourceTree = "<group>"; };
		D04C3313194B3D7000BF42C4 /* CVStopDetailTableViewController.m */ = {isa = PBXFileReference; fileEncoding = 4; lastKnownFileType = sourcecode.c.objc; name = CVStopDetailTableViewController.m; path = Controllers/CVStopDetailTableViewController.m; sourceTree = "<group>"; };
		D091397F1941A4C50029AE98 /* CarrierVanilla.app */ = {isa = PBXFileReference; explicitFileType = wrapper.application; includeInIndex = 0; path = CarrierVanilla.app; sourceTree = BUILT_PRODUCTS_DIR; };
		D09139821941A4C50029AE98 /* Foundation.framework */ = {isa = PBXFileReference; lastKnownFileType = wrapper.framework; name = Foundation.framework; path = System/Library/Frameworks/Foundation.framework; sourceTree = SDKROOT; };
		D09139841941A4C50029AE98 /* CoreGraphics.framework */ = {isa = PBXFileReference; lastKnownFileType = wrapper.framework; name = CoreGraphics.framework; path = System/Library/Frameworks/CoreGraphics.framework; sourceTree = SDKROOT; };
		D09139861941A4C50029AE98 /* UIKit.framework */ = {isa = PBXFileReference; lastKnownFileType = wrapper.framework; name = UIKit.framework; path = System/Library/Frameworks/UIKit.framework; sourceTree = SDKROOT; };
		D09139881941A4C50029AE98 /* CoreData.framework */ = {isa = PBXFileReference; lastKnownFileType = wrapper.framework; name = CoreData.framework; path = System/Library/Frameworks/CoreData.framework; sourceTree = SDKROOT; };
		D091398C1941A4C50029AE98 /* CarrierVanilla-Info.plist */ = {isa = PBXFileReference; lastKnownFileType = text.plist.xml; path = "CarrierVanilla-Info.plist"; sourceTree = "<group>"; };
		D091398E1941A4C50029AE98 /* en */ = {isa = PBXFileReference; lastKnownFileType = text.plist.strings; name = en; path = en.lproj/InfoPlist.strings; sourceTree = "<group>"; };
		D09139901941A4C50029AE98 /* main.m */ = {isa = PBXFileReference; lastKnownFileType = sourcecode.c.objc; path = main.m; sourceTree = "<group>"; };
		D09139921941A4C50029AE98 /* CarrierVanilla-Prefix.pch */ = {isa = PBXFileReference; lastKnownFileType = sourcecode.c.h; path = "CarrierVanilla-Prefix.pch"; sourceTree = "<group>"; };
		D09139931941A4C50029AE98 /* CVAppDelegate.h */ = {isa = PBXFileReference; lastKnownFileType = sourcecode.c.h; path = CVAppDelegate.h; sourceTree = "<group>"; };
		D09139971941A4C50029AE98 /* Base */ = {isa = PBXFileReference; lastKnownFileType = file.storyboard; name = Base; path = Base.lproj/Main.storyboard; sourceTree = "<group>"; };
		D09139A21941A4C50029AE98 /* Images.xcassets */ = {isa = PBXFileReference; lastKnownFileType = folder.assetcatalog; path = Images.xcassets; sourceTree = "<group>"; };
		D09139A81941A4C50029AE98 /* CarrierVanillaTests.xctest */ = {isa = PBXFileReference; explicitFileType = wrapper.cfbundle; includeInIndex = 0; path = CarrierVanillaTests.xctest; sourceTree = BUILT_PRODUCTS_DIR; };
		D09139A91941A4C50029AE98 /* XCTest.framework */ = {isa = PBXFileReference; lastKnownFileType = wrapper.framework; name = XCTest.framework; path = Library/Frameworks/XCTest.framework; sourceTree = DEVELOPER_DIR; };
		D09139B21941A4C50029AE98 /* CarrierVanillaTests-Info.plist */ = {isa = PBXFileReference; lastKnownFileType = text.plist.xml; path = "CarrierVanillaTests-Info.plist"; sourceTree = "<group>"; };
		D09139B41941A4C50029AE98 /* en */ = {isa = PBXFileReference; lastKnownFileType = text.plist.strings; name = en; path = en.lproj/InfoPlist.strings; sourceTree = "<group>"; };
		D09139B61941A4C50029AE98 /* CarrierVanillaTests.m */ = {isa = PBXFileReference; lastKnownFileType = sourcecode.c.objc; path = CarrierVanillaTests.m; sourceTree = "<group>"; };
		D0ABC8BF1944E23E0095E59E /* CVDetailViewController.h */ = {isa = PBXFileReference; fileEncoding = 4; lastKnownFileType = sourcecode.c.h; name = CVDetailViewController.h; path = Controllers/CVDetailViewController.h; sourceTree = "<group>"; };
		D0ABC8C01944E23E0095E59E /* CVDetailViewController.m */ = {isa = PBXFileReference; fileEncoding = 4; lastKnownFileType = sourcecode.c.objc; name = CVDetailViewController.m; path = Controllers/CVDetailViewController.m; sourceTree = "<group>"; };
		D0ABC8C11944E23E0095E59E /* CVMasterViewController.h */ = {isa = PBXFileReference; fileEncoding = 4; lastKnownFileType = sourcecode.c.h; name = CVMasterViewController.h; path = Controllers/CVMasterViewController.h; sourceTree = "<group>"; };
		D0ABC8C21944E23E0095E59E /* CVMasterViewController.m */ = {isa = PBXFileReference; fileEncoding = 4; lastKnownFileType = sourcecode.c.objc; name = CVMasterViewController.m; path = Controllers/CVMasterViewController.m; sourceTree = "<group>"; };
		D0ABC8C71944E2990095E59E /* Item.h */ = {isa = PBXFileReference; fileEncoding = 4; lastKnownFileType = sourcecode.c.h; name = Item.h; path = Models/Item.h; sourceTree = "<group>"; };
		D0ABC8C81944E2990095E59E /* Item.m */ = {isa = PBXFileReference; fileEncoding = 4; lastKnownFileType = sourcecode.c.objc; name = Item.m; path = Models/Item.m; sourceTree = "<group>"; };
		D0ABC8C91944E2990095E59E /* Load.h */ = {isa = PBXFileReference; fileEncoding = 4; lastKnownFileType = sourcecode.c.h; name = Load.h; path = Models/Load.h; sourceTree = "<group>"; };
		D0ABC8CA1944E2990095E59E /* Load.m */ = {isa = PBXFileReference; fileEncoding = 4; lastKnownFileType = sourcecode.c.objc; name = Load.m; path = Models/Load.m; sourceTree = "<group>"; };
		D0ABC8CD1944E2990095E59E /* Ref.h */ = {isa = PBXFileReference; fileEncoding = 4; lastKnownFileType = sourcecode.c.h; name = Ref.h; path = Models/Ref.h; sourceTree = "<group>"; };
		D0ABC8CE1944E2990095E59E /* Ref.m */ = {isa = PBXFileReference; fileEncoding = 4; lastKnownFileType = sourcecode.c.objc; name = Ref.m; path = Models/Ref.m; sourceTree = "<group>"; };
		D0ABC8CF1944E2990095E59E /* Shipment.h */ = {isa = PBXFileReference; fileEncoding = 4; lastKnownFileType = sourcecode.c.h; name = Shipment.h; path = Models/Shipment.h; sourceTree = "<group>"; };
		D0ABC8D01944E2990095E59E /* Shipment.m */ = {isa = PBXFileReference; fileEncoding = 4; lastKnownFileType = sourcecode.c.objc; name = Shipment.m; path = Models/Shipment.m; sourceTree = "<group>"; };
		D0ABC8D11944E2990095E59E /* Stop.h */ = {isa = PBXFileReference; fileEncoding = 4; lastKnownFileType = sourcecode.c.h; name = Stop.h; path = Models/Stop.h; sourceTree = "<group>"; };
		D0ABC8D21944E2990095E59E /* Stop.m */ = {isa = PBXFileReference; fileEncoding = 4; lastKnownFileType = sourcecode.c.objc; name = Stop.m; path = Models/Stop.m; sourceTree = "<group>"; };
		D0ABC8DB1944E3200095E59E /* CVChepClient.h */ = {isa = PBXFileReference; fileEncoding = 4; lastKnownFileType = sourcecode.c.h; name = CVChepClient.h; path = Network/CVChepClient.h; sourceTree = "<group>"; };
		D0ABC8DC1944E3200095E59E /* CVChepClient.m */ = {isa = PBXFileReference; fileEncoding = 4; lastKnownFileType = sourcecode.c.objc; name = CVChepClient.m; path = Network/CVChepClient.m; sourceTree = "<group>"; };
		D0B0E3B21944EF99009CE35C /* CVAppDelegate.m */ = {isa = PBXFileReference; fileEncoding = 4; lastKnownFileType = sourcecode.c.objc; path = CVAppDelegate.m; sourceTree = "<group>"; };
		D0B636091941A77400015ACA /* MobLog.xcdatamodel */ = {isa = PBXFileReference; lastKnownFileType = wrapper.xcdatamodel; path = MobLog.xcdatamodel; sourceTree = "<group>"; };
		D0D3F35D194E39DE00452C58 /* CCLoginViewController.h */ = {isa = PBXFileReference; fileEncoding = 4; lastKnownFileType = sourcecode.c.h; path = CCLoginViewController.h; sourceTree = "<group>"; };
		D0D3F35E194E39DE00452C58 /* CCLoginViewController.m */ = {isa = PBXFileReference; fileEncoding = 4; lastKnownFileType = sourcecode.c.objc; path = CCLoginViewController.m; sourceTree = "<group>"; };
		D0D3F363194E3F1900452C58 /* HTAutocompleteTextField.h */ = {isa = PBXFileReference; fileEncoding = 4; lastKnownFileType = sourcecode.c.h; path = HTAutocompleteTextField.h; sourceTree = "<group>"; };
		D0D3F364194E3F1900452C58 /* HTAutocompleteTextField.m */ = {isa = PBXFileReference; fileEncoding = 4; lastKnownFileType = sourcecode.c.objc; path = HTAutocompleteTextField.m; sourceTree = "<group>"; };
		D0D3F366194E3F2F00452C58 /* HTAutocompleteManager.h */ = {isa = PBXFileReference; fileEncoding = 4; lastKnownFileType = sourcecode.c.h; path = HTAutocompleteManager.h; sourceTree = "<group>"; };
		D0D3F367194E3F2F00452C58 /* HTAutocompleteManager.m */ = {isa = PBXFileReference; fileEncoding = 4; lastKnownFileType = sourcecode.c.objc; path = HTAutocompleteManager.m; sourceTree = "<group>"; };
		D0F7FE5E194E0EBA002CCD9F /* MapKit.framework */ = {isa = PBXFileReference; lastKnownFileType = wrapper.framework; name = MapKit.framework; path = System/Library/Frameworks/MapKit.framework; sourceTree = SDKROOT; };
/* End PBXFileReference section */

/* Begin PBXFrameworksBuildPhase section */
		D091397C1941A4C50029AE98 /* Frameworks */ = {
			isa = PBXFrameworksBuildPhase;
			buildActionMask = 2147483647;
			files = (
				D0F7FE5F194E0EBA002CCD9F /* MapKit.framework in Frameworks */,
				D09139851941A4C50029AE98 /* CoreGraphics.framework in Frameworks */,
				D09139891941A4C50029AE98 /* CoreData.framework in Frameworks */,
				D09139871941A4C50029AE98 /* UIKit.framework in Frameworks */,
				D09139831941A4C50029AE98 /* Foundation.framework in Frameworks */,
				73CBFCF4B2EF4DADBBF2BDFB /* libPods.a in Frameworks */,
			);
			runOnlyForDeploymentPostprocessing = 0;
		};
		D09139A51941A4C50029AE98 /* Frameworks */ = {
			isa = PBXFrameworksBuildPhase;
			buildActionMask = 2147483647;
			files = (
				D09139AA1941A4C50029AE98 /* XCTest.framework in Frameworks */,
				D09139AD1941A4C50029AE98 /* CoreData.framework in Frameworks */,
				D09139AC1941A4C50029AE98 /* UIKit.framework in Frameworks */,
				D09139AB1941A4C50029AE98 /* Foundation.framework in Frameworks */,
			);
			runOnlyForDeploymentPostprocessing = 0;
		};
/* End PBXFrameworksBuildPhase section */

/* Begin PBXGroup section */
		D09139761941A4C50029AE98 = {
			isa = PBXGroup;
			children = (
				D091398A1941A4C50029AE98 /* CarrierVanilla */,
				D09139B01941A4C50029AE98 /* CarrierVanillaTests */,
				D09139811941A4C50029AE98 /* Frameworks */,
				D09139801941A4C50029AE98 /* Products */,
				21742465D60E4C8D8F007F4E /* Pods.xcconfig */,
			);
			sourceTree = "<group>";
		};
		D09139801941A4C50029AE98 /* Products */ = {
			isa = PBXGroup;
			children = (
				D091397F1941A4C50029AE98 /* CarrierVanilla.app */,
				D09139A81941A4C50029AE98 /* CarrierVanillaTests.xctest */,
			);
			name = Products;
			sourceTree = "<group>";
		};
		D09139811941A4C50029AE98 /* Frameworks */ = {
			isa = PBXGroup;
			children = (
				D0F7FE5E194E0EBA002CCD9F /* MapKit.framework */,
				D09139821941A4C50029AE98 /* Foundation.framework */,
				D09139841941A4C50029AE98 /* CoreGraphics.framework */,
				D09139861941A4C50029AE98 /* UIKit.framework */,
				D09139881941A4C50029AE98 /* CoreData.framework */,
				D09139A91941A4C50029AE98 /* XCTest.framework */,
				0996C26EA9F043BF83367717 /* libPods.a */,
			);
			name = Frameworks;
			sourceTree = "<group>";
		};
		D091398A1941A4C50029AE98 /* CarrierVanilla */ = {
			isa = PBXGroup;
			children = (
				D0ABC8BD1944E0FB0095E59E /* Models */,
				D0ABC8DE1944E3FA0095E59E /* Views */,
				D0ABC8BE1944E1D50095E59E /* Controllers */,
				D0ABC8DA1944E3170095E59E /* Network */,
				D09139931941A4C50029AE98 /* CVAppDelegate.h */,
				D0B0E3B21944EF99009CE35C /* CVAppDelegate.m */,
				D09139961941A4C50029AE98 /* Main.storyboard */,
				D09139A21941A4C50029AE98 /* Images.xcassets */,
				D091398B1941A4C50029AE98 /* Supporting Files */,
			);
			path = CarrierVanilla;
			sourceTree = "<group>";
		};
		D091398B1941A4C50029AE98 /* Supporting Files */ = {
			isa = PBXGroup;
			children = (
				D091398C1941A4C50029AE98 /* CarrierVanilla-Info.plist */,
				D091398D1941A4C50029AE98 /* InfoPlist.strings */,
				D09139901941A4C50029AE98 /* main.m */,
				D09139921941A4C50029AE98 /* CarrierVanilla-Prefix.pch */,
			);
			name = "Supporting Files";
			sourceTree = "<group>";
		};
		D09139B01941A4C50029AE98 /* CarrierVanillaTests */ = {
			isa = PBXGroup;
			children = (
				D09139B61941A4C50029AE98 /* CarrierVanillaTests.m */,
				D09139B11941A4C50029AE98 /* Supporting Files */,
			);
			path = CarrierVanillaTests;
			sourceTree = "<group>";
		};
		D09139B11941A4C50029AE98 /* Supporting Files */ = {
			isa = PBXGroup;
			children = (
				D09139B21941A4C50029AE98 /* CarrierVanillaTests-Info.plist */,
				D09139B31941A4C50029AE98 /* InfoPlist.strings */,
			);
			name = "Supporting Files";
			sourceTree = "<group>";
		};
		D0ABC8BD1944E0FB0095E59E /* Models */ = {
			isa = PBXGroup;
			children = (
				D0ABC8C71944E2990095E59E /* Item.h */,
				D0ABC8C81944E2990095E59E /* Item.m */,
				D0ABC8C91944E2990095E59E /* Load.h */,
				D0ABC8CA1944E2990095E59E /* Load.m */,
				D0ABC8CD1944E2990095E59E /* Ref.h */,
				D0ABC8CE1944E2990095E59E /* Ref.m */,
				D0ABC8CF1944E2990095E59E /* Shipment.h */,
				D0ABC8D01944E2990095E59E /* Shipment.m */,
				D0ABC8D11944E2990095E59E /* Stop.h */,
				D0ABC8D21944E2990095E59E /* Stop.m */,
				D0B636081941A77400015ACA /* MobLog.xcdatamodeld */,
				D018F8C11949EBB500E21763 /* Address.h */,
				D018F8C21949EBB500E21763 /* Address.m */,
			);
			name = Models;
			sourceTree = "<group>";
		};
		D0ABC8BE1944E1D50095E59E /* Controllers */ = {
			isa = PBXGroup;
			children = (
				D0D3F366194E3F2F00452C58 /* HTAutocompleteManager.h */,
				D0D3F367194E3F2F00452C58 /* HTAutocompleteManager.m */,
				D0D3F35D194E39DE00452C58 /* CCLoginViewController.h */,
				D0D3F35E194E39DE00452C58 /* CCLoginViewController.m */,
				D04C3312194B3D7000BF42C4 /* CVStopDetailTableViewController.h */,
				D04C3313194B3D7000BF42C4 /* CVStopDetailTableViewController.m */,
				D0ABC8BF1944E23E0095E59E /* CVDetailViewController.h */,
				D0ABC8C01944E23E0095E59E /* CVDetailViewController.m */,
				D0ABC8C11944E23E0095E59E /* CVMasterViewController.h */,
				D0ABC8C21944E23E0095E59E /* CVMasterViewController.m */,
			);
			name = Controllers;
			sourceTree = "<group>";
		};
		D0ABC8DA1944E3170095E59E /* Network */ = {
			isa = PBXGroup;
			children = (
				D0ABC8DB1944E3200095E59E /* CVChepClient.h */,
				D0ABC8DC1944E3200095E59E /* CVChepClient.m */,
			);
			name = Network;
			sourceTree = "<group>";
		};
		D0ABC8DE1944E3FA0095E59E /* Views */ = {
			isa = PBXGroup;
			children = (
				D0D3F363194E3F1900452C58 /* HTAutocompleteTextField.h */,
				D0D3F364194E3F1900452C58 /* HTAutocompleteTextField.m */,
			);
			name = Views;
			sourceTree = "<group>";
		};
/* End PBXGroup section */

/* Begin PBXNativeTarget section */
		D091397E1941A4C50029AE98 /* CarrierVanilla */ = {
			isa = PBXNativeTarget;
			buildConfigurationList = D09139BA1941A4C50029AE98 /* Build configuration list for PBXNativeTarget "CarrierVanilla" */;
			buildPhases = (
				248FCB15A8BC4C5A9DE950C4 /* Check Pods Manifest.lock */,
				D091397B1941A4C50029AE98 /* Sources */,
				D091397C1941A4C50029AE98 /* Frameworks */,
				D091397D1941A4C50029AE98 /* Resources */,
				0C308D1767774FEF865973D4 /* Copy Pods Resources */,
			);
			buildRules = (
			);
			dependencies = (
			);
			name = CarrierVanilla;
			productName = CarrierVanilla;
			productReference = D091397F1941A4C50029AE98 /* CarrierVanilla.app */;
			productType = "com.apple.product-type.application";
		};
		D09139A71941A4C50029AE98 /* CarrierVanillaTests */ = {
			isa = PBXNativeTarget;
			buildConfigurationList = D09139BD1941A4C50029AE98 /* Build configuration list for PBXNativeTarget "CarrierVanillaTests" */;
			buildPhases = (
				D09139A41941A4C50029AE98 /* Sources */,
				D09139A51941A4C50029AE98 /* Frameworks */,
				D09139A61941A4C50029AE98 /* Resources */,
			);
			buildRules = (
			);
			dependencies = (
				D09139AF1941A4C50029AE98 /* PBXTargetDependency */,
			);
			name = CarrierVanillaTests;
			productName = CarrierVanillaTests;
			productReference = D09139A81941A4C50029AE98 /* CarrierVanillaTests.xctest */;
			productType = "com.apple.product-type.bundle.unit-test";
		};
/* End PBXNativeTarget section */

/* Begin PBXProject section */
		D09139771941A4C50029AE98 /* Project object */ = {
			isa = PBXProject;
			attributes = {
				CLASSPREFIX = CV;
				LastUpgradeCheck = 0510;
				ORGANIZATIONNAME = "shane davis";
				TargetAttributes = {
					D09139A71941A4C50029AE98 = {
						TestTargetID = D091397E1941A4C50029AE98;
					};
				};
			};
			buildConfigurationList = D091397A1941A4C50029AE98 /* Build configuration list for PBXProject "CarrierVanilla" */;
			compatibilityVersion = "Xcode 3.2";
			developmentRegion = English;
			hasScannedForEncodings = 0;
			knownRegions = (
				en,
				Base,
			);
			mainGroup = D09139761941A4C50029AE98;
			productRefGroup = D09139801941A4C50029AE98 /* Products */;
			projectDirPath = "";
			projectRoot = "";
			targets = (
				D091397E1941A4C50029AE98 /* CarrierVanilla */,
				D09139A71941A4C50029AE98 /* CarrierVanillaTests */,
			);
		};
/* End PBXProject section */

/* Begin PBXResourcesBuildPhase section */
		D091397D1941A4C50029AE98 /* Resources */ = {
			isa = PBXResourcesBuildPhase;
			buildActionMask = 2147483647;
			files = (
				D09139A31941A4C50029AE98 /* Images.xcassets in Resources */,
				D091398F1941A4C50029AE98 /* InfoPlist.strings in Resources */,
				D09139981941A4C50029AE98 /* Main.storyboard in Resources */,
			);
			runOnlyForDeploymentPostprocessing = 0;
		};
		D09139A61941A4C50029AE98 /* Resources */ = {
			isa = PBXResourcesBuildPhase;
			buildActionMask = 2147483647;
			files = (
				D09139B51941A4C50029AE98 /* InfoPlist.strings in Resources */,
			);
			runOnlyForDeploymentPostprocessing = 0;
		};
/* End PBXResourcesBuildPhase section */

/* Begin PBXShellScriptBuildPhase section */
		0C308D1767774FEF865973D4 /* Copy Pods Resources */ = {
			isa = PBXShellScriptBuildPhase;
			buildActionMask = 2147483647;
			files = (
			);
			inputPaths = (
			);
			name = "Copy Pods Resources";
			outputPaths = (
			);
			runOnlyForDeploymentPostprocessing = 0;
			shellPath = /bin/sh;
			shellScript = "\"${SRCROOT}/Pods/Pods-resources.sh\"\n";
			showEnvVarsInLog = 0;
		};
		248FCB15A8BC4C5A9DE950C4 /* Check Pods Manifest.lock */ = {
			isa = PBXShellScriptBuildPhase;
			buildActionMask = 2147483647;
			files = (
			);
			inputPaths = (
			);
			name = "Check Pods Manifest.lock";
			outputPaths = (
			);
			runOnlyForDeploymentPostprocessing = 0;
			shellPath = /bin/sh;
			shellScript = "diff \"${PODS_ROOT}/../Podfile.lock\" \"${PODS_ROOT}/Manifest.lock\" > /dev/null\nif [[ $? != 0 ]] ; then\n    cat << EOM\nerror: The sandbox is not in sync with the Podfile.lock. Run 'pod install' or update your CocoaPods installation.\nEOM\n    exit 1\nfi\n";
			showEnvVarsInLog = 0;
		};
/* End PBXShellScriptBuildPhase section */

/* Begin PBXSourcesBuildPhase section */
		D091397B1941A4C50029AE98 /* Sources */ = {
			isa = PBXSourcesBuildPhase;
			buildActionMask = 2147483647;
			files = (
				D0ABC8D91944E2990095E59E /* Stop.m in Sources */,
				D018F8C31949EBB500E21763 /* Address.m in Sources */,
				D0ABC8D71944E2990095E59E /* Ref.m in Sources */,
				D0B0E3B31944EF99009CE35C /* CVAppDelegate.m in Sources */,
				D0D3F365194E3F1900452C58 /* HTAutocompleteTextField.m in Sources */,
				D0ABC8D41944E2990095E59E /* Item.m in Sources */,
				D09139911941A4C50029AE98 /* main.m in Sources */,
				D0B6360E1941A77400015ACA /* MobLog.xcdatamodeld in Sources */,
				D04C3314194B3D7000BF42C4 /* CVStopDetailTableViewController.m in Sources */,
				D0ABC8C41944E23E0095E59E /* CVMasterViewController.m in Sources */,
				D0ABC8C31944E23E0095E59E /* CVDetailViewController.m in Sources */,
				D0D3F368194E3F2F00452C58 /* HTAutocompleteManager.m in Sources */,
				D0D3F35F194E39DE00452C58 /* CCLoginViewController.m in Sources */,
				D0ABC8D81944E2990095E59E /* Shipment.m in Sources */,
				D0ABC8D51944E2990095E59E /* Load.m in Sources */,
				D0ABC8DD1944E3200095E59E /* CVChepClient.m in Sources */,
			);
			runOnlyForDeploymentPostprocessing = 0;
		};
		D09139A41941A4C50029AE98 /* Sources */ = {
			isa = PBXSourcesBuildPhase;
			buildActionMask = 2147483647;
			files = (
				D09139B71941A4C50029AE98 /* CarrierVanillaTests.m in Sources */,
			);
			runOnlyForDeploymentPostprocessing = 0;
		};
/* End PBXSourcesBuildPhase section */

/* Begin PBXTargetDependency section */
		D09139AF1941A4C50029AE98 /* PBXTargetDependency */ = {
			isa = PBXTargetDependency;
			target = D091397E1941A4C50029AE98 /* CarrierVanilla */;
			targetProxy = D09139AE1941A4C50029AE98 /* PBXContainerItemProxy */;
		};
/* End PBXTargetDependency section */

/* Begin PBXVariantGroup section */
		D091398D1941A4C50029AE98 /* InfoPlist.strings */ = {
			isa = PBXVariantGroup;
			children = (
				D091398E1941A4C50029AE98 /* en */,
			);
			name = InfoPlist.strings;
			sourceTree = "<group>";
		};
		D09139961941A4C50029AE98 /* Main.storyboard */ = {
			isa = PBXVariantGroup;
			children = (
				D09139971941A4C50029AE98 /* Base */,
			);
			name = Main.storyboard;
			sourceTree = "<group>";
		};
		D09139B31941A4C50029AE98 /* InfoPlist.strings */ = {
			isa = PBXVariantGroup;
			children = (
				D09139B41941A4C50029AE98 /* en */,
			);
			name = InfoPlist.strings;
			sourceTree = "<group>";
		};
/* End PBXVariantGroup section */

/* Begin XCBuildConfiguration section */
		D09139B81941A4C50029AE98 /* Debug */ = {
			isa = XCBuildConfiguration;
			buildSettings = {
				ALWAYS_SEARCH_USER_PATHS = NO;
				CLANG_CXX_LANGUAGE_STANDARD = "gnu++0x";
				CLANG_CXX_LIBRARY = "libc++";
				CLANG_ENABLE_MODULES = YES;
				CLANG_ENABLE_OBJC_ARC = YES;
				CLANG_WARN_BOOL_CONVERSION = YES;
				CLANG_WARN_CONSTANT_CONVERSION = YES;
				CLANG_WARN_DIRECT_OBJC_ISA_USAGE = YES_ERROR;
				CLANG_WARN_EMPTY_BODY = YES;
				CLANG_WARN_ENUM_CONVERSION = YES;
				CLANG_WARN_INT_CONVERSION = YES;
				CLANG_WARN_OBJC_ROOT_CLASS = YES_ERROR;
				CLANG_WARN__DUPLICATE_METHOD_MATCH = YES;
				"CODE_SIGN_IDENTITY[sdk=iphoneos*]" = "iPhone Developer";
				COPY_PHASE_STRIP = NO;
				GCC_C_LANGUAGE_STANDARD = gnu99;
				GCC_DYNAMIC_NO_PIC = NO;
				GCC_OPTIMIZATION_LEVEL = 0;
				GCC_PREPROCESSOR_DEFINITIONS = (
					"DEBUG=1",
					"$(inherited)",
				);
				GCC_SYMBOLS_PRIVATE_EXTERN = NO;
				GCC_WARN_64_TO_32_BIT_CONVERSION = YES;
				GCC_WARN_ABOUT_RETURN_TYPE = YES_ERROR;
				GCC_WARN_UNDECLARED_SELECTOR = YES;
				GCC_WARN_UNINITIALIZED_AUTOS = YES_AGGRESSIVE;
				GCC_WARN_UNUSED_FUNCTION = YES;
				GCC_WARN_UNUSED_VARIABLE = YES;
				IPHONEOS_DEPLOYMENT_TARGET = 7.1;
				ONLY_ACTIVE_ARCH = YES;
				SDKROOT = iphoneos;
			};
			name = Debug;
		};
		D09139B91941A4C50029AE98 /* Release */ = {
			isa = XCBuildConfiguration;
			buildSettings = {
				ALWAYS_SEARCH_USER_PATHS = NO;
				CLANG_CXX_LANGUAGE_STANDARD = "gnu++0x";
				CLANG_CXX_LIBRARY = "libc++";
				CLANG_ENABLE_MODULES = YES;
				CLANG_ENABLE_OBJC_ARC = YES;
				CLANG_WARN_BOOL_CONVERSION = YES;
				CLANG_WARN_CONSTANT_CONVERSION = YES;
				CLANG_WARN_DIRECT_OBJC_ISA_USAGE = YES_ERROR;
				CLANG_WARN_EMPTY_BODY = YES;
				CLANG_WARN_ENUM_CONVERSION = YES;
				CLANG_WARN_INT_CONVERSION = YES;
				CLANG_WARN_OBJC_ROOT_CLASS = YES_ERROR;
				CLANG_WARN__DUPLICATE_METHOD_MATCH = YES;
				"CODE_SIGN_IDENTITY[sdk=iphoneos*]" = "iPhone Developer";
				COPY_PHASE_STRIP = YES;
				ENABLE_NS_ASSERTIONS = NO;
				GCC_C_LANGUAGE_STANDARD = gnu99;
				GCC_WARN_64_TO_32_BIT_CONVERSION = YES;
				GCC_WARN_ABOUT_RETURN_TYPE = YES_ERROR;
				GCC_WARN_UNDECLARED_SELECTOR = YES;
				GCC_WARN_UNINITIALIZED_AUTOS = YES_AGGRESSIVE;
				GCC_WARN_UNUSED_FUNCTION = YES;
				GCC_WARN_UNUSED_VARIABLE = YES;
				IPHONEOS_DEPLOYMENT_TARGET = 7.1;
				SDKROOT = iphoneos;
				VALIDATE_PRODUCT = YES;
			};
			name = Release;
		};
		D09139BB1941A4C50029AE98 /* Debug */ = {
			isa = XCBuildConfiguration;
			baseConfigurationReference = 21742465D60E4C8D8F007F4E /* Pods.xcconfig */;
			buildSettings = {
				ASSETCATALOG_COMPILER_APPICON_NAME = AppIcon;
				ASSETCATALOG_COMPILER_LAUNCHIMAGE_NAME = LaunchImage;
				GCC_PRECOMPILE_PREFIX_HEADER = YES;
				GCC_PREFIX_HEADER = "CarrierVanilla/CarrierVanilla-Prefix.pch";
				INFOPLIST_FILE = "CarrierVanilla/CarrierVanilla-Info.plist";
				PRODUCT_NAME = "$(TARGET_NAME)";
				WRAPPER_EXTENSION = app;
			};
			name = Debug;
		};
		D09139BC1941A4C50029AE98 /* Release */ = {
			isa = XCBuildConfiguration;
			baseConfigurationReference = 21742465D60E4C8D8F007F4E /* Pods.xcconfig */;
			buildSettings = {
				ASSETCATALOG_COMPILER_APPICON_NAME = AppIcon;
				ASSETCATALOG_COMPILER_LAUNCHIMAGE_NAME = LaunchImage;
				GCC_PRECOMPILE_PREFIX_HEADER = YES;
				GCC_PREFIX_HEADER = "CarrierVanilla/CarrierVanilla-Prefix.pch";
				INFOPLIST_FILE = "CarrierVanilla/CarrierVanilla-Info.plist";
				PRODUCT_NAME = "$(TARGET_NAME)";
				WRAPPER_EXTENSION = app;
			};
			name = Release;
		};
		D09139BE1941A4C50029AE98 /* Debug */ = {
			isa = XCBuildConfiguration;
			buildSettings = {
				BUNDLE_LOADER = "$(BUILT_PRODUCTS_DIR)/CarrierVanilla.app/CarrierVanilla";
				FRAMEWORK_SEARCH_PATHS = (
					"$(SDKROOT)/Developer/Library/Frameworks",
					"$(inherited)",
					"$(DEVELOPER_FRAMEWORKS_DIR)",
				);
				GCC_PRECOMPILE_PREFIX_HEADER = YES;
				GCC_PREFIX_HEADER = "CarrierVanilla/CarrierVanilla-Prefix.pch";
				GCC_PREPROCESSOR_DEFINITIONS = (
					"DEBUG=1",
					"$(inherited)",
				);
				INFOPLIST_FILE = "CarrierVanillaTests/CarrierVanillaTests-Info.plist";
				PRODUCT_NAME = "$(TARGET_NAME)";
				TEST_HOST = "$(BUNDLE_LOADER)";
				WRAPPER_EXTENSION = xctest;
			};
			name = Debug;
		};
		D09139BF1941A4C50029AE98 /* Release */ = {
			isa = XCBuildConfiguration;
			buildSettings = {
				BUNDLE_LOADER = "$(BUILT_PRODUCTS_DIR)/CarrierVanilla.app/CarrierVanilla";
				FRAMEWORK_SEARCH_PATHS = (
					"$(SDKROOT)/Developer/Library/Frameworks",
					"$(inherited)",
					"$(DEVELOPER_FRAMEWORKS_DIR)",
				);
				GCC_PRECOMPILE_PREFIX_HEADER = YES;
				GCC_PREFIX_HEADER = "CarrierVanilla/CarrierVanilla-Prefix.pch";
				INFOPLIST_FILE = "CarrierVanillaTests/CarrierVanillaTests-Info.plist";
				PRODUCT_NAME = "$(TARGET_NAME)";
				TEST_HOST = "$(BUNDLE_LOADER)";
				WRAPPER_EXTENSION = xctest;
			};
			name = Release;
		};
/* End XCBuildConfiguration section */

/* Begin XCConfigurationList section */
		D091397A1941A4C50029AE98 /* Build configuration list for PBXProject "CarrierVanilla" */ = {
			isa = XCConfigurationList;
			buildConfigurations = (
				D09139B81941A4C50029AE98 /* Debug */,
				D09139B91941A4C50029AE98 /* Release */,
			);
			defaultConfigurationIsVisible = 0;
			defaultConfigurationName = Release;
		};
		D09139BA1941A4C50029AE98 /* Build configuration list for PBXNativeTarget "CarrierVanilla" */ = {
			isa = XCConfigurationList;
			buildConfigurations = (
				D09139BB1941A4C50029AE98 /* Debug */,
				D09139BC1941A4C50029AE98 /* Release */,
			);
			defaultConfigurationIsVisible = 0;
			defaultConfigurationName = Release;
		};
		D09139BD1941A4C50029AE98 /* Build configuration list for PBXNativeTarget "CarrierVanillaTests" */ = {
			isa = XCConfigurationList;
			buildConfigurations = (
				D09139BE1941A4C50029AE98 /* Debug */,
				D09139BF1941A4C50029AE98 /* Release */,
			);
			defaultConfigurationIsVisible = 0;
			defaultConfigurationName = Release;
		};
/* End XCConfigurationList section */

/* Begin XCVersionGroup section */
		D0B636081941A77400015ACA /* MobLog.xcdatamodeld */ = {
			isa = XCVersionGroup;
			children = (
				D0B636091941A77400015ACA /* MobLog.xcdatamodel */,
			);
			currentVersion = D0B636091941A77400015ACA /* MobLog.xcdatamodel */;
			path = MobLog.xcdatamodeld;
			sourceTree = "<group>";
			versionGroupType = wrapper.xcdatamodel;
		};
/* End XCVersionGroup section */
	};
	rootObject = D09139771941A4C50029AE98 /* Project object */;
}
